
Microsoft Visual Studio Solution File, Format Version 12.00
# Visual Studio Version 17
VisualStudioVersion = 17.14.36401.2 d17.14
MinimumVisualStudioVersion = 10.0.40219.1
Project("{FAE04EC0-301F-11D3-BF4B-00C04F79EFBC}") = "AppExamenEmbieProyecto", "AppExamenEmbieProyecto\AppExamenEmbieProyecto.csproj", "{AC1C019E-194B-43CF-837C-035EDA7689FE}"
EndProject
Project("{FAE04EC0-301F-11D3-BF4B-00C04F79EFBC}") = "Dominio", "Dominio\Dominio.csproj", "{C873148D-E1F2-4A19-AA6A-31AE4F7633C2}"
EndProject
Project("{FAE04EC0-301F-11D3-BF4B-00C04F79EFBC}") = "DTOs", "DTOs\DTOs.csproj", "{B71931A5-EE3E-4458-9B2F-EBC978D659C5}"
EndProject
Project("{FAE04EC0-301F-11D3-BF4B-00C04F79EFBC}") = "AppData", "AppData\AppData.csproj", "{3E563A5E-5837-4F1E-85AB-A3244711C5E4}"
EndProject
Project("{FAE04EC0-301F-11D3-BF4B-00C04F79EFBC}") = "SistemaAPI", "SistemaAPI\SistemaAPI.csproj", "{11EA63B1-1D04-4D75-B68F-DD5ED20353BD}"
EndProject
Global
	GlobalSection(SolutionConfigurationPlatforms) = preSolution
		Debug|Any CPU = Debug|Any CPU
		Release|Any CPU = Release|Any CPU
	EndGlobalSection
	GlobalSection(ProjectConfigurationPlatforms) = postSolution
		{AC1C019E-194B-43CF-837C-035EDA7689FE}.Debug|Any CPU.ActiveCfg = Debug|Any CPU
		{AC1C019E-194B-43CF-837C-035EDA7689FE}.Debug|Any CPU.Build.0 = Debug|Any CPU
		{AC1C019E-194B-43CF-837C-035EDA7689FE}.Release|Any CPU.ActiveCfg = Release|Any CPU
		{AC1C019E-194B-43CF-837C-035EDA7689FE}.Release|Any CPU.Build.0 = Release|Any CPU
		{C873148D-E1F2-4A19-AA6A-31AE4F7633C2}.Debug|Any CPU.ActiveCfg = Debug|Any CPU
		{C873148D-E1F2-4A19-AA6A-31AE4F7633C2}.Debug|Any CPU.Build.0 = Debug|Any CPU
		{C873148D-E1F2-4A19-AA6A-31AE4F7633C2}.Release|Any CPU.ActiveCfg = Release|Any CPU
		{C873148D-E1F2-4A19-AA6A-31AE4F7633C2}.Release|Any CPU.Build.0 = Release|Any CPU
		{B71931A5-EE3E-4458-9B2F-EBC978D659C5}.Debug|Any CPU.ActiveCfg = Debug|Any CPU
		{B71931A5-EE3E-4458-9B2F-EBC978D659C5}.Debug|Any CPU.Build.0 = Debug|Any CPU
		{B71931A5-EE3E-4458-9B2F-EBC978D659C5}.Release|Any CPU.ActiveCfg = Release|Any CPU
		{B71931A5-EE3E-4458-9B2F-EBC978D659C5}.Release|Any CPU.Build.0 = Release|Any CPU
		{3E563A5E-5837-4F1E-85AB-A3244711C5E4}.Debug|Any CPU.ActiveCfg = Debug|Any CPU
		{3E563A5E-5837-4F1E-85AB-A3244711C5E4}.Debug|Any CPU.Build.0 = Debug|Any CPU
		{3E563A5E-5837-4F1E-85AB-A3244711C5E4}.Release|Any CPU.ActiveCfg = Release|Any CPU
		{3E563A5E-5837-4F1E-85AB-A3244711C5E4}.Release|Any CPU.Build.0 = Release|Any CPU
		{11EA63B1-1D04-4D75-B68F-DD5ED20353BD}.Debug|Any CPU.ActiveCfg = Debug|Any CPU
		{11EA63B1-1D04-4D75-B68F-DD5ED20353BD}.Debug|Any CPU.Build.0 = Debug|Any CPU
		{11EA63B1-1D04-4D75-B68F-DD5ED20353BD}.Release|Any CPU.ActiveCfg = Release|Any CPU
		{11EA63B1-1D04-4D75-B68F-DD5ED20353BD}.Release|Any CPU.Build.0 = Release|Any CPU
	EndGlobalSection
	GlobalSection(SolutionProperties) = preSolution
		HideSolutionNode = FALSE
	EndGlobalSection
	GlobalSection(ExtensibilityGlobals) = postSolution
		SolutionGuid = {BC3A8098-8316-4D43-BFB1-D5C8D2EA8E8B}
	EndGlobalSection
EndGlobal
