
Microsoft Visual Studio Solution File, Format Version 12.00
# Visual Studio Version 17
VisualStudioVersion = 17.14.36310.24 d17.14
MinimumVisualStudioVersion = 10.0.40219.1
Project("{FAE04EC0-301F-11D3-BF4B-00C04F79EFBC}") = "QuebrantaPreciosAppProyecto", "QuebrantaPreciosAppProyecto\QuebrantaPreciosAppProyecto.csproj", "{6A8442C7-8068-493C-88AD-5A79781FE199}"
EndProject
Project("{FAE04EC0-301F-11D3-BF4B-00C04F79EFBC}") = "Business", "Negocio\Business.csproj", "{30EB0DFC-51F8-47F4-9A2D-04B430CDBFD3}"
EndProject
Global
	GlobalSection(SolutionConfigurationPlatforms) = preSolution
		Debug|Any CPU = Debug|Any CPU
		Release|Any CPU = Release|Any CPU
	EndGlobalSection
	GlobalSection(ProjectConfigurationPlatforms) = postSolution
		{6A8442C7-8068-493C-88AD-5A79781FE199}.Debug|Any CPU.ActiveCfg = Debug|Any CPU
		{6A8442C7-8068-493C-88AD-5A79781FE199}.Debug|Any CPU.Build.0 = Debug|Any CPU
		{6A8442C7-8068-493C-88AD-5A79781FE199}.Release|Any CPU.ActiveCfg = Release|Any CPU
		{6A8442C7-8068-493C-88AD-5A79781FE199}.Release|Any CPU.Build.0 = Release|Any CPU
		{30EB0DFC-51F8-47F4-9A2D-04B430CDBFD3}.Debug|Any CPU.ActiveCfg = Debug|Any CPU
		{30EB0DFC-51F8-47F4-9A2D-04B430CDBFD3}.Debug|Any CPU.Build.0 = Debug|Any CPU
		{30EB0DFC-51F8-47F4-9A2D-04B430CDBFD3}.Release|Any CPU.ActiveCfg = Release|Any CPU
		{30EB0DFC-51F8-47F4-9A2D-04B430CDBFD3}.Release|Any CPU.Build.0 = Release|Any CPU
	EndGlobalSection
	GlobalSection(SolutionProperties) = preSolution
		HideSolutionNode = FALSE
	EndGlobalSection
	GlobalSection(ExtensibilityGlobals) = postSolution
		SolutionGuid = {76FFAF8F-FEB8-4EDC-B219-D951CD19E61D}
	EndGlobalSection
EndGlobal
